// !$*UTF8*$!
{
	archiveVersion = 1;
	classes = {
	};
	objectVersion = 46;
	objects = {

/* Begin PBXBuildFile section */
		2D35337AA439410087000219 /* libPods.a in Frameworks */ = {isa = PBXBuildFile; fileRef = B653FAC110D24793B8E10EB8 /* libPods.a */; };
		3D034FF1174A0B9A00F325E6 /* MDCache.h in Sources */ = {isa = PBXBuildFile; fileRef = 90737B8A1748CBAC006A2903 /* MDCache.h */; };
		3D034FF2174A0B9D00F325E6 /* MDCache.m in Sources */ = {isa = PBXBuildFile; fileRef = 90737B8B1748CBAC006A2903 /* MDCache.m */; };
		3D034FF8174A18F100F325E6 /* MDNotificationCenterTest.m in Sources */ = {isa = PBXBuildFile; fileRef = 3D034FF7174A18F100F325E6 /* MDNotificationCenterTest.m */; };
		3D034FFA174A1DE500F325E6 /* NSNotificationCenterTest.m in Sources */ = {isa = PBXBuildFile; fileRef = 3D034FF9174A1DE500F325E6 /* NSNotificationCenterTest.m */; };
		3D034FFB174A1E0F00F325E6 /* MDNotificationCenter.h in Sources */ = {isa = PBXBuildFile; fileRef = 90737B8517460C23006A2903 /* MDNotificationCenter.h */; };
		3D034FFC174A1E1500F325E6 /* MDNotificationCenter.m in Sources */ = {isa = PBXBuildFile; fileRef = 90737B8617460C23006A2903 /* MDNotificationCenter.m */; };
		3D064725174C5F2C0092BBAC /* MDActivityContentView.m in Sources */ = {isa = PBXBuildFile; fileRef = 3D064724174C5F2C0092BBAC /* MDActivityContentView.m */; };
		90153978172BDC2300DBB64B /* YaabUser.m in Sources */ = {isa = PBXBuildFile; fileRef = 90153973172BDC2300DBB64B /* YaabUser.m */; };
		902C91CB1742322800073241 /* UIKit.framework in Frameworks */ = {isa = PBXBuildFile; fileRef = 90F342BA17217C8E005BC944 /* UIKit.framework */; };
		902C91CC1742322800073241 /* Foundation.framework in Frameworks */ = {isa = PBXBuildFile; fileRef = 90F342BC17217C8E005BC944 /* Foundation.framework */; };
		902C91CD1742322800073241 /* CoreGraphics.framework in Frameworks */ = {isa = PBXBuildFile; fileRef = 90F342BE17217C8E005BC944 /* CoreGraphics.framework */; };
		902C91D31742322800073241 /* InfoPlist.strings in Resources */ = {isa = PBXBuildFile; fileRef = 902C91D11742322800073241 /* InfoPlist.strings */; };
		902C91D51742322800073241 /* main.m in Sources */ = {isa = PBXBuildFile; fileRef = 902C91D41742322800073241 /* main.m */; };
		902C91DB1742322800073241 /* Default.png in Resources */ = {isa = PBXBuildFile; fileRef = 902C91DA1742322800073241 /* Default.png */; };
		902C91DD1742322800073241 /* Default@2x.png in Resources */ = {isa = PBXBuildFile; fileRef = 902C91DC1742322800073241 /* Default@2x.png */; };
		902C91DF1742322800073241 /* Default-568h@2x.png in Resources */ = {isa = PBXBuildFile; fileRef = 902C91DE1742322800073241 /* Default-568h@2x.png */; };
		902C91EE174232E400073241 /* MDTestAppDelegate.m in Sources */ = {isa = PBXBuildFile; fileRef = 902C91ED174232E400073241 /* MDTestAppDelegate.m */; };
		902C91F6174235A500073241 /* MDHTTPAPITest.m in Sources */ = {isa = PBXBuildFile; fileRef = 902C91F4174235A500073241 /* MDHTTPAPITest.m */; };
		904726F317426CBC000B0398 /* SenTestingKit.framework in Frameworks */ = {isa = PBXBuildFile; fileRef = 90F342D817217C8E005BC944 /* SenTestingKit.framework */; settings = {ATTRIBUTES = (Weak, ); }; };
		90737B8717460C23006A2903 /* MDNotificationCenter.m in Sources */ = {isa = PBXBuildFile; fileRef = 90737B8617460C23006A2903 /* MDNotificationCenter.m */; };
		9083C48C1736897100E87B4A /* AddressBookUI.framework in Frameworks */ = {isa = PBXBuildFile; fileRef = 9083C48B1736897100E87B4A /* AddressBookUI.framework */; };
		90B32B1E174BBBD500D7A1F4 /* MDActivityChatViewController.m in Sources */ = {isa = PBXBuildFile; fileRef = 90B32B0E174BBBD500D7A1F4 /* MDActivityChatViewController.m */; };
		90B32B1F174BBBD500D7A1F4 /* MDActivityTableViewController.m in Sources */ = {isa = PBXBuildFile; fileRef = 90B32B10174BBBD500D7A1F4 /* MDActivityTableViewController.m */; };
		90B32B20174BBBD500D7A1F4 /* MDCreateActivityViewController.m in Sources */ = {isa = PBXBuildFile; fileRef = 90B32B13174BBBD500D7A1F4 /* MDCreateActivityViewController.m */; };
		90B32B21174BBBD500D7A1F4 /* MDLatestViewController.m in Sources */ = {isa = PBXBuildFile; fileRef = 90B32B15174BBBD500D7A1F4 /* MDLatestViewController.m */; };
		90B32B22174BBBD500D7A1F4 /* MDLoginViewController.m in Sources */ = {isa = PBXBuildFile; fileRef = 90B32B17174BBBD500D7A1F4 /* MDLoginViewController.m */; };
		90B32B23174BBBD500D7A1F4 /* MDPersonDetailViewController.m in Sources */ = {isa = PBXBuildFile; fileRef = 90B32B19174BBBD500D7A1F4 /* MDPersonDetailViewController.m */; };
		90B32B24174BBBD500D7A1F4 /* MDRegisterViewController.m in Sources */ = {isa = PBXBuildFile; fileRef = 90B32B1B174BBBD500D7A1F4 /* MDRegisterViewController.m */; };
		90B32B25174BBBD500D7A1F4 /* MDSendMessageViewController.m in Sources */ = {isa = PBXBuildFile; fileRef = 90B32B1D174BBBD500D7A1F4 /* MDSendMessageViewController.m */; };
		90B32B3B174BBBF600D7A1F4 /* MDActivity.m in Sources */ = {isa = PBXBuildFile; fileRef = 90B32B28174BBBF600D7A1F4 /* MDActivity.m */; };
		90B32B3C174BBBF600D7A1F4 /* MDCache.m in Sources */ = {isa = PBXBuildFile; fileRef = 90B32B2A174BBBF600D7A1F4 /* MDCache.m */; };
		90B32B3D174BBBF600D7A1F4 /* MDChat.m in Sources */ = {isa = PBXBuildFile; fileRef = 90B32B2C174BBBF600D7A1F4 /* MDChat.m */; };
		90B32B3E174BBBF600D7A1F4 /* MDContact.m in Sources */ = {isa = PBXBuildFile; fileRef = 90B32B2E174BBBF600D7A1F4 /* MDContact.m */; };
		90B32B3F174BBBF600D7A1F4 /* MDHTTPAPI.m in Sources */ = {isa = PBXBuildFile; fileRef = 90B32B30174BBBF600D7A1F4 /* MDHTTPAPI.m */; };
		90B32B40174BBBF600D7A1F4 /* MDHTTPAPIFactory.m in Sources */ = {isa = PBXBuildFile; fileRef = 90B32B32174BBBF600D7A1F4 /* MDHTTPAPIFactory.m */; };
		90B32B42174BBBF600D7A1F4 /* MDMessage.m in Sources */ = {isa = PBXBuildFile; fileRef = 90B32B36174BBBF600D7A1F4 /* MDMessage.m */; };
		90B32B43174BBBF600D7A1F4 /* MDUser.m in Sources */ = {isa = PBXBuildFile; fileRef = 90B32B38174BBBF600D7A1F4 /* MDUser.m */; };
		90B32B44174BBBF600D7A1F4 /* MDUserManager.m in Sources */ = {isa = PBXBuildFile; fileRef = 90B32B3A174BBBF600D7A1F4 /* MDUserManager.m */; };
		90B32B5A174BBC5500D7A1F4 /* AFMDClient.m in Sources */ = {isa = PBXBuildFile; fileRef = 90B32B47174BBC5500D7A1F4 /* AFMDClient.m */; };
		90B32B5B174BBC5500D7A1F4 /* AsyncImageView.m in Sources */ = {isa = PBXBuildFile; fileRef = 90B32B4A174BBC5500D7A1F4 /* AsyncImageView.m */; };
		90B32B5C174BBC5500D7A1F4 /* EGOTableView.m in Sources */ = {isa = PBXBuildFile; fileRef = 90B32B4C174BBC5500D7A1F4 /* EGOTableView.m */; };
		90B32B5D174BBC5500D7A1F4 /* iToast.m in Sources */ = {isa = PBXBuildFile; fileRef = 90B32B4E174BBC5500D7A1F4 /* iToast.m */; settings = {COMPILER_FLAGS = "-fno-objc-arc"; }; };
		90B32B5E174BBC5500D7A1F4 /* PhotoBorder.png in Resources */ = {isa = PBXBuildFile; fileRef = 90B32B50174BBC5500D7A1F4 /* PhotoBorder.png */; };
		90B32B5F174BBC5500D7A1F4 /* PhotoBorder@2x.png in Resources */ = {isa = PBXBuildFile; fileRef = 90B32B51174BBC5500D7A1F4 /* PhotoBorder@2x.png */; };
		90B32B60174BBC5500D7A1F4 /* PhotoStackView.m in Sources */ = {isa = PBXBuildFile; fileRef = 90B32B53174BBC5500D7A1F4 /* PhotoStackView.m */; };
		90B32B61174BBC5500D7A1F4 /* pinyin.c in Sources */ = {isa = PBXBuildFile; fileRef = 90B32B54174BBC5500D7A1F4 /* pinyin.c */; };
		90B32B62174BBC5500D7A1F4 /* RHPerson+RHPersonCategory.m in Sources */ = {isa = PBXBuildFile; fileRef = 90B32B57174BBC5500D7A1F4 /* RHPerson+RHPersonCategory.m */; };
		90B32B63174BBC5500D7A1F4 /* UIView+Animation.m in Sources */ = {isa = PBXBuildFile; fileRef = 90B32B59174BBC5500D7A1F4 /* UIView+Animation.m */; };
		90B32B6F174BBC8400D7A1F4 /* YContactTableViewController.m in Sources */ = {isa = PBXBuildFile; fileRef = 90B32B66174BBC8400D7A1F4 /* YContactTableViewController.m */; };
		90B32B70174BBC8400D7A1F4 /* YMessage.m in Sources */ = {isa = PBXBuildFile; fileRef = 90B32B68174BBC8400D7A1F4 /* YMessage.m */; };
		90B32B71174BBC8400D7A1F4 /* YMessageContactViewController.m in Sources */ = {isa = PBXBuildFile; fileRef = 90B32B6A174BBC8400D7A1F4 /* YMessageContactViewController.m */; };
		90B32B72174BBC8400D7A1F4 /* YMessageViewController.m in Sources */ = {isa = PBXBuildFile; fileRef = 90B32B6C174BBC8400D7A1F4 /* YMessageViewController.m */; };
		90B32B73174BBC8400D7A1F4 /* YPlainContact.m in Sources */ = {isa = PBXBuildFile; fileRef = 90B32B6E174BBC8400D7A1F4 /* YPlainContact.m */; };
		90B32B7F174BBDDF00D7A1F4 /* MDActivityMessageView.m in Sources */ = {isa = PBXBuildFile; fileRef = 90B32B76174BBDDF00D7A1F4 /* MDActivityMessageView.m */; };
		90B32B80174BBDDF00D7A1F4 /* MDActivityContactView.m in Sources */ = {isa = PBXBuildFile; fileRef = 90B32B78174BBDDF00D7A1F4 /* MDActivityContactView.m */; };
		90B32B83174BBDDF00D7A1F4 /* MDCreateActivityView.m in Sources */ = {isa = PBXBuildFile; fileRef = 90B32B7E174BBDDF00D7A1F4 /* MDCreateActivityView.m */; };
		90E1F4E217242FF1009A578C /* AddressBook.framework in Frameworks */ = {isa = PBXBuildFile; fileRef = 90E1F4E117242FF1009A578C /* AddressBook.framework */; };
		90F342BB17217C8E005BC944 /* UIKit.framework in Frameworks */ = {isa = PBXBuildFile; fileRef = 90F342BA17217C8E005BC944 /* UIKit.framework */; };
		90F342BD17217C8E005BC944 /* Foundation.framework in Frameworks */ = {isa = PBXBuildFile; fileRef = 90F342BC17217C8E005BC944 /* Foundation.framework */; };
		90F342BF17217C8E005BC944 /* CoreGraphics.framework in Frameworks */ = {isa = PBXBuildFile; fileRef = 90F342BE17217C8E005BC944 /* CoreGraphics.framework */; };
		90F342C517217C8E005BC944 /* InfoPlist.strings in Resources */ = {isa = PBXBuildFile; fileRef = 90F342C317217C8E005BC944 /* InfoPlist.strings */; };
		90F342C717217C8E005BC944 /* main.m in Sources */ = {isa = PBXBuildFile; fileRef = 90F342C617217C8E005BC944 /* main.m */; };
		90F342CB17217C8E005BC944 /* MDAppDelegate.m in Sources */ = {isa = PBXBuildFile; fileRef = 90F342CA17217C8E005BC944 /* MDAppDelegate.m */; };
		90F342CD17217C8E005BC944 /* Default.png in Resources */ = {isa = PBXBuildFile; fileRef = 90F342CC17217C8E005BC944 /* Default.png */; };
		90F342CF17217C8E005BC944 /* Default@2x.png in Resources */ = {isa = PBXBuildFile; fileRef = 90F342CE17217C8E005BC944 /* Default@2x.png */; };
		90F342D117217C8E005BC944 /* Default-568h@2x.png in Resources */ = {isa = PBXBuildFile; fileRef = 90F342D017217C8E005BC944 /* Default-568h@2x.png */; };
		917A66597970441388A256A2 /* libPods-MaiDuoTests.a in Frameworks */ = {isa = PBXBuildFile; fileRef = 024D33E43FE24742A8D24C76 /* libPods-MaiDuoTests.a */; };
		AA151D6A17506E290098C64A /* UIViewFrameCategory.m in Sources */ = {isa = PBXBuildFile; fileRef = AA151D6917506E290098C64A /* UIViewFrameCategory.m */; };
		AA9954F11740020600FF5BFF /* SystemConfiguration.framework in Frameworks */ = {isa = PBXBuildFile; fileRef = AA9954F01740020600FF5BFF /* SystemConfiguration.framework */; };
		AA9954F31740020B00FF5BFF /* MobileCoreServices.framework in Frameworks */ = {isa = PBXBuildFile; fileRef = AA9954F21740020B00FF5BFF /* MobileCoreServices.framework */; };
		C8B4613E1748AE7B00CF14AA /* default_avatar.jpg in Resources */ = {isa = PBXBuildFile; fileRef = C8B4613D1748AE7B00CF14AA /* default_avatar.jpg */; };
		C8CEFB31173A0DFD0021D371 /* garbage_s@2x.png in Resources */ = {isa = PBXBuildFile; fileRef = C8CEFB2F173A0DFD0021D371 /* garbage_s@2x.png */; };
		C8CEFB32173A0DFD0021D371 /* garbage@2x.png in Resources */ = {isa = PBXBuildFile; fileRef = C8CEFB30173A0DFD0021D371 /* garbage@2x.png */; };
		C8D1A44317431C4200398568 /* photo0@2x.png in Resources */ = {isa = PBXBuildFile; fileRef = C8D1A44117431C4200398568 /* photo0@2x.png */; };
		C8D1A44417431C4200398568 /* photo1@2x.png in Resources */ = {isa = PBXBuildFile; fileRef = C8D1A44217431C4200398568 /* photo1@2x.png */; };
/* End PBXBuildFile section */

/* Begin PBXContainerItemProxy section */
		902C91FD1742418A00073241 /* PBXContainerItemProxy */ = {
			isa = PBXContainerItemProxy;
			containerPortal = 90F342AF17217C8E005BC944 /* Project object */;
			proxyType = 1;
			remoteGlobalIDString = 90F342B617217C8E005BC944;
			remoteInfo = MaiDuo;
		};
/* End PBXContainerItemProxy section */

/* Begin PBXFileReference section */
		024D33E43FE24742A8D24C76 /* libPods-MaiDuoTests.a */ = {isa = PBXFileReference; explicitFileType = archive.ar; includeInIndex = 0; path = "libPods-MaiDuoTests.a"; sourceTree = BUILT_PRODUCTS_DIR; };
		2018E73633D84F1A834FE42F /* Pods-MaiDuoTests.xcconfig */ = {isa = PBXFileReference; includeInIndex = 1; lastKnownFileType = text.xcconfig; name = "Pods-MaiDuoTests.xcconfig"; path = "Pods/Pods-MaiDuoTests.xcconfig"; sourceTree = SOURCE_ROOT; };
		213944C578514190A2BAC4A1 /* libPods-MaiDuo.a */ = {isa = PBXFileReference; explicitFileType = archive.ar; includeInIndex = 0; path = "libPods-MaiDuo.a"; sourceTree = BUILT_PRODUCTS_DIR; };
		3D034FF7174A18F100F325E6 /* MDNotificationCenterTest.m */ = {isa = PBXFileReference; fileEncoding = 4; lastKnownFileType = sourcecode.c.objc; path = MDNotificationCenterTest.m; sourceTree = "<group>"; };
		3D034FF9174A1DE500F325E6 /* NSNotificationCenterTest.m */ = {isa = PBXFileReference; fileEncoding = 4; lastKnownFileType = sourcecode.c.objc; path = NSNotificationCenterTest.m; sourceTree = "<group>"; };
		3D064723174C5F2C0092BBAC /* MDActivityContentView.h */ = {isa = PBXFileReference; fileEncoding = 4; lastKnownFileType = sourcecode.c.h; path = MDActivityContentView.h; sourceTree = "<group>"; };
		3D064724174C5F2C0092BBAC /* MDActivityContentView.m */ = {isa = PBXFileReference; fileEncoding = 4; lastKnownFileType = sourcecode.c.objc; path = MDActivityContentView.m; sourceTree = "<group>"; };
		432379D17D2049AF901101B9 /* libPods.a */ = {isa = PBXFileReference; explicitFileType = archive.ar; includeInIndex = 0; path = libPods.a; sourceTree = BUILT_PRODUCTS_DIR; };
		8189D765038C4B9FB2F1D493 /* libPods.a */ = {isa = PBXFileReference; explicitFileType = archive.ar; includeInIndex = 0; path = libPods.a; sourceTree = BUILT_PRODUCTS_DIR; };
		90153972172BDC2300DBB64B /* YaabUser.h */ = {isa = PBXFileReference; fileEncoding = 4; lastKnownFileType = sourcecode.c.h; name = YaabUser.h; path = MaiDuo/YaabUser.h; sourceTree = "<group>"; };
		90153973172BDC2300DBB64B /* YaabUser.m */ = {isa = PBXFileReference; fileEncoding = 4; lastKnownFileType = sourcecode.c.objc; name = YaabUser.m; path = MaiDuo/YaabUser.m; sourceTree = "<group>"; };
		902C91CA1742322800073241 /* MaiDuoTests.app */ = {isa = PBXFileReference; explicitFileType = wrapper.application; includeInIndex = 0; path = MaiDuoTests.app; sourceTree = BUILT_PRODUCTS_DIR; };
		902C91D01742322800073241 /* MaiDuoTests-Info.plist */ = {isa = PBXFileReference; lastKnownFileType = text.plist.xml; path = "MaiDuoTests-Info.plist"; sourceTree = "<group>"; };
		902C91D21742322800073241 /* en */ = {isa = PBXFileReference; lastKnownFileType = text.plist.strings; name = en; path = en.lproj/InfoPlist.strings; sourceTree = "<group>"; };
		902C91D41742322800073241 /* main.m */ = {isa = PBXFileReference; lastKnownFileType = sourcecode.c.objc; path = main.m; sourceTree = "<group>"; };
		902C91D61742322800073241 /* MaiDuoTests-Prefix.pch */ = {isa = PBXFileReference; lastKnownFileType = sourcecode.c.h; path = "MaiDuoTests-Prefix.pch"; sourceTree = "<group>"; };
		902C91DA1742322800073241 /* Default.png */ = {isa = PBXFileReference; lastKnownFileType = image.png; path = Default.png; sourceTree = "<group>"; };
		902C91DC1742322800073241 /* Default@2x.png */ = {isa = PBXFileReference; lastKnownFileType = image.png; path = "Default@2x.png"; sourceTree = "<group>"; };
		902C91DE1742322800073241 /* Default-568h@2x.png */ = {isa = PBXFileReference; lastKnownFileType = image.png; path = "Default-568h@2x.png"; sourceTree = "<group>"; };
		902C91EC174232E400073241 /* MDTestAppDelegate.h */ = {isa = PBXFileReference; fileEncoding = 4; lastKnownFileType = sourcecode.c.h; path = MDTestAppDelegate.h; sourceTree = "<group>"; };
		902C91ED174232E400073241 /* MDTestAppDelegate.m */ = {isa = PBXFileReference; fileEncoding = 4; lastKnownFileType = sourcecode.c.objc; path = MDTestAppDelegate.m; sourceTree = "<group>"; };
		902C91F2174235A500073241 /* MaiDuoTests.h */ = {isa = PBXFileReference; fileEncoding = 4; lastKnownFileType = sourcecode.c.h; path = MaiDuoTests.h; sourceTree = "<group>"; };
		902C91F4174235A500073241 /* MDHTTPAPITest.m */ = {isa = PBXFileReference; fileEncoding = 4; lastKnownFileType = sourcecode.c.objc; path = MDHTTPAPITest.m; sourceTree = "<group>"; };
		90737B831744E287006A2903 /* MDNotificationCenterDelegate.h */ = {isa = PBXFileReference; fileEncoding = 4; lastKnownFileType = sourcecode.c.h; path = MDNotificationCenterDelegate.h; sourceTree = "<group>"; };
		90737B8517460C23006A2903 /* MDNotificationCenter.h */ = {isa = PBXFileReference; fileEncoding = 4; lastKnownFileType = sourcecode.c.h; path = MDNotificationCenter.h; sourceTree = "<group>"; };
		90737B8617460C23006A2903 /* MDNotificationCenter.m */ = {isa = PBXFileReference; fileEncoding = 4; lastKnownFileType = sourcecode.c.objc; path = MDNotificationCenter.m; sourceTree = "<group>"; };
		90737B8A1748CBAC006A2903 /* MDCache.h */ = {isa = PBXFileReference; fileEncoding = 4; lastKnownFileType = sourcecode.c.h; name = MDCache.h; path = /Users/weicongju/maiduo_iOS/MaiDuo/main/MDCache.h; sourceTree = "<absolute>"; };
		90737B8B1748CBAC006A2903 /* MDCache.m */ = {isa = PBXFileReference; fileEncoding = 4; lastKnownFileType = sourcecode.c.objc; name = MDCache.m; path = /Users/weicongju/maiduo_iOS/MaiDuo/main/MDCache.m; sourceTree = "<absolute>"; };
		9083C48B1736897100E87B4A /* AddressBookUI.framework */ = {isa = PBXFileReference; lastKnownFileType = wrapper.framework; name = AddressBookUI.framework; path = System/Library/Frameworks/AddressBookUI.framework; sourceTree = SDKROOT; };
		90B32B0D174BBBD500D7A1F4 /* MDActivityChatViewController.h */ = {isa = PBXFileReference; fileEncoding = 4; lastKnownFileType = sourcecode.c.h; name = MDActivityChatViewController.h; path = controllers/MDActivityChatViewController.h; sourceTree = "<group>"; };
		90B32B0E174BBBD500D7A1F4 /* MDActivityChatViewController.m */ = {isa = PBXFileReference; fileEncoding = 4; lastKnownFileType = sourcecode.c.objc; name = MDActivityChatViewController.m; path = controllers/MDActivityChatViewController.m; sourceTree = "<group>"; };
		90B32B0F174BBBD500D7A1F4 /* MDActivityTableViewController.h */ = {isa = PBXFileReference; fileEncoding = 4; lastKnownFileType = sourcecode.c.h; name = MDActivityTableViewController.h; path = controllers/MDActivityTableViewController.h; sourceTree = "<group>"; };
		90B32B10174BBBD500D7A1F4 /* MDActivityTableViewController.m */ = {isa = PBXFileReference; fileEncoding = 4; lastKnownFileType = sourcecode.c.objc; name = MDActivityTableViewController.m; path = controllers/MDActivityTableViewController.m; sourceTree = "<group>"; };
		90B32B11174BBBD500D7A1F4 /* MDCreateActivityDelegate.h */ = {isa = PBXFileReference; fileEncoding = 4; lastKnownFileType = sourcecode.c.h; name = MDCreateActivityDelegate.h; path = controllers/MDCreateActivityDelegate.h; sourceTree = "<group>"; };
		90B32B12174BBBD500D7A1F4 /* MDCreateActivityViewController.h */ = {isa = PBXFileReference; fileEncoding = 4; lastKnownFileType = sourcecode.c.h; name = MDCreateActivityViewController.h; path = controllers/MDCreateActivityViewController.h; sourceTree = "<group>"; };
		90B32B13174BBBD500D7A1F4 /* MDCreateActivityViewController.m */ = {isa = PBXFileReference; fileEncoding = 4; lastKnownFileType = sourcecode.c.objc; name = MDCreateActivityViewController.m; path = controllers/MDCreateActivityViewController.m; sourceTree = "<group>"; };
		90B32B14174BBBD500D7A1F4 /* MDLatestViewController.h */ = {isa = PBXFileReference; fileEncoding = 4; lastKnownFileType = sourcecode.c.h; name = MDLatestViewController.h; path = controllers/MDLatestViewController.h; sourceTree = "<group>"; };
		90B32B15174BBBD500D7A1F4 /* MDLatestViewController.m */ = {isa = PBXFileReference; fileEncoding = 4; lastKnownFileType = sourcecode.c.objc; name = MDLatestViewController.m; path = controllers/MDLatestViewController.m; sourceTree = "<group>"; };
		90B32B16174BBBD500D7A1F4 /* MDLoginViewController.h */ = {isa = PBXFileReference; fileEncoding = 4; lastKnownFileType = sourcecode.c.h; name = MDLoginViewController.h; path = controllers/MDLoginViewController.h; sourceTree = "<group>"; };
		90B32B17174BBBD500D7A1F4 /* MDLoginViewController.m */ = {isa = PBXFileReference; fileEncoding = 4; lastKnownFileType = sourcecode.c.objc; name = MDLoginViewController.m; path = controllers/MDLoginViewController.m; sourceTree = "<group>"; };
		90B32B18174BBBD500D7A1F4 /* MDPersonDetailViewController.h */ = {isa = PBXFileReference; fileEncoding = 4; lastKnownFileType = sourcecode.c.h; name = MDPersonDetailViewController.h; path = controllers/MDPersonDetailViewController.h; sourceTree = "<group>"; };
		90B32B19174BBBD500D7A1F4 /* MDPersonDetailViewController.m */ = {isa = PBXFileReference; fileEncoding = 4; lastKnownFileType = sourcecode.c.objc; name = MDPersonDetailViewController.m; path = controllers/MDPersonDetailViewController.m; sourceTree = "<group>"; };
		90B32B1A174BBBD500D7A1F4 /* MDRegisterViewController.h */ = {isa = PBXFileReference; fileEncoding = 4; lastKnownFileType = sourcecode.c.h; name = MDRegisterViewController.h; path = controllers/MDRegisterViewController.h; sourceTree = "<group>"; };
		90B32B1B174BBBD500D7A1F4 /* MDRegisterViewController.m */ = {isa = PBXFileReference; fileEncoding = 4; lastKnownFileType = sourcecode.c.objc; name = MDRegisterViewController.m; path = controllers/MDRegisterViewController.m; sourceTree = "<group>"; };
		90B32B1C174BBBD500D7A1F4 /* MDSendMessageViewController.h */ = {isa = PBXFileReference; fileEncoding = 4; lastKnownFileType = sourcecode.c.h; name = MDSendMessageViewController.h; path = controllers/MDSendMessageViewController.h; sourceTree = "<group>"; };
		90B32B1D174BBBD500D7A1F4 /* MDSendMessageViewController.m */ = {isa = PBXFileReference; fileEncoding = 4; lastKnownFileType = sourcecode.c.objc; name = MDSendMessageViewController.m; path = controllers/MDSendMessageViewController.m; sourceTree = "<group>"; };
		90B32B27174BBBF600D7A1F4 /* MDActivity.h */ = {isa = PBXFileReference; fileEncoding = 4; lastKnownFileType = sourcecode.c.h; name = MDActivity.h; path = models/MDActivity.h; sourceTree = "<group>"; };
		90B32B28174BBBF600D7A1F4 /* MDActivity.m */ = {isa = PBXFileReference; fileEncoding = 4; lastKnownFileType = sourcecode.c.objc; name = MDActivity.m; path = models/MDActivity.m; sourceTree = "<group>"; };
		90B32B29174BBBF600D7A1F4 /* MDCache.h */ = {isa = PBXFileReference; fileEncoding = 4; lastKnownFileType = sourcecode.c.h; name = MDCache.h; path = models/MDCache.h; sourceTree = "<group>"; };
		90B32B2A174BBBF600D7A1F4 /* MDCache.m */ = {isa = PBXFileReference; fileEncoding = 4; lastKnownFileType = sourcecode.c.objc; name = MDCache.m; path = models/MDCache.m; sourceTree = "<group>"; };
		90B32B2B174BBBF600D7A1F4 /* MDChat.h */ = {isa = PBXFileReference; fileEncoding = 4; lastKnownFileType = sourcecode.c.h; name = MDChat.h; path = models/MDChat.h; sourceTree = "<group>"; };
		90B32B2C174BBBF600D7A1F4 /* MDChat.m */ = {isa = PBXFileReference; fileEncoding = 4; lastKnownFileType = sourcecode.c.objc; name = MDChat.m; path = models/MDChat.m; sourceTree = "<group>"; };
		90B32B2D174BBBF600D7A1F4 /* MDContact.h */ = {isa = PBXFileReference; fileEncoding = 4; lastKnownFileType = sourcecode.c.h; name = MDContact.h; path = models/MDContact.h; sourceTree = "<group>"; };
		90B32B2E174BBBF600D7A1F4 /* MDContact.m */ = {isa = PBXFileReference; fileEncoding = 4; lastKnownFileType = sourcecode.c.objc; name = MDContact.m; path = models/MDContact.m; sourceTree = "<group>"; };
		90B32B2F174BBBF600D7A1F4 /* MDHTTPAPI.h */ = {isa = PBXFileReference; fileEncoding = 4; lastKnownFileType = sourcecode.c.h; name = MDHTTPAPI.h; path = models/MDHTTPAPI.h; sourceTree = "<group>"; };
		90B32B30174BBBF600D7A1F4 /* MDHTTPAPI.m */ = {isa = PBXFileReference; fileEncoding = 4; lastKnownFileType = sourcecode.c.objc; name = MDHTTPAPI.m; path = models/MDHTTPAPI.m; sourceTree = "<group>"; };
		90B32B31174BBBF600D7A1F4 /* MDHTTPAPIFactory.h */ = {isa = PBXFileReference; fileEncoding = 4; lastKnownFileType = sourcecode.c.h; name = MDHTTPAPIFactory.h; path = models/MDHTTPAPIFactory.h; sourceTree = "<group>"; };
		90B32B32174BBBF600D7A1F4 /* MDHTTPAPIFactory.m */ = {isa = PBXFileReference; fileEncoding = 4; lastKnownFileType = sourcecode.c.objc; name = MDHTTPAPIFactory.m; path = models/MDHTTPAPIFactory.m; sourceTree = "<group>"; };
		90B32B35174BBBF600D7A1F4 /* MDMessage.h */ = {isa = PBXFileReference; fileEncoding = 4; lastKnownFileType = sourcecode.c.h; name = MDMessage.h; path = models/MDMessage.h; sourceTree = "<group>"; };
		90B32B36174BBBF600D7A1F4 /* MDMessage.m */ = {isa = PBXFileReference; fileEncoding = 4; lastKnownFileType = sourcecode.c.objc; name = MDMessage.m; path = models/MDMessage.m; sourceTree = "<group>"; };
		90B32B37174BBBF600D7A1F4 /* MDUser.h */ = {isa = PBXFileReference; fileEncoding = 4; lastKnownFileType = sourcecode.c.h; name = MDUser.h; path = models/MDUser.h; sourceTree = "<group>"; };
		90B32B38174BBBF600D7A1F4 /* MDUser.m */ = {isa = PBXFileReference; fileEncoding = 4; lastKnownFileType = sourcecode.c.objc; name = MDUser.m; path = models/MDUser.m; sourceTree = "<group>"; };
		90B32B39174BBBF600D7A1F4 /* MDUserManager.h */ = {isa = PBXFileReference; fileEncoding = 4; lastKnownFileType = sourcecode.c.h; name = MDUserManager.h; path = models/MDUserManager.h; sourceTree = "<group>"; };
		90B32B3A174BBBF600D7A1F4 /* MDUserManager.m */ = {isa = PBXFileReference; fileEncoding = 4; lastKnownFileType = sourcecode.c.objc; name = MDUserManager.m; path = models/MDUserManager.m; sourceTree = "<group>"; };
		90B32B46174BBC5500D7A1F4 /* AFMDClient.h */ = {isa = PBXFileReference; fileEncoding = 4; lastKnownFileType = sourcecode.c.h; path = AFMDClient.h; sourceTree = "<group>"; };
		90B32B47174BBC5500D7A1F4 /* AFMDClient.m */ = {isa = PBXFileReference; fileEncoding = 4; lastKnownFileType = sourcecode.c.objc; path = AFMDClient.m; sourceTree = "<group>"; };
		90B32B49174BBC5500D7A1F4 /* AsyncImageView.h */ = {isa = PBXFileReference; fileEncoding = 4; lastKnownFileType = sourcecode.c.h; path = AsyncImageView.h; sourceTree = "<group>"; };
		90B32B4A174BBC5500D7A1F4 /* AsyncImageView.m */ = {isa = PBXFileReference; fileEncoding = 4; lastKnownFileType = sourcecode.c.objc; path = AsyncImageView.m; sourceTree = "<group>"; };
		90B32B4B174BBC5500D7A1F4 /* EGOTableView.h */ = {isa = PBXFileReference; fileEncoding = 4; lastKnownFileType = sourcecode.c.h; path = EGOTableView.h; sourceTree = "<group>"; };
		90B32B4C174BBC5500D7A1F4 /* EGOTableView.m */ = {isa = PBXFileReference; fileEncoding = 4; lastKnownFileType = sourcecode.c.objc; path = EGOTableView.m; sourceTree = "<group>"; };
		90B32B4D174BBC5500D7A1F4 /* iToast.h */ = {isa = PBXFileReference; fileEncoding = 4; lastKnownFileType = sourcecode.c.h; path = iToast.h; sourceTree = "<group>"; };
		90B32B4E174BBC5500D7A1F4 /* iToast.m */ = {isa = PBXFileReference; fileEncoding = 4; lastKnownFileType = sourcecode.c.objc; path = iToast.m; sourceTree = "<group>"; };
		90B32B50174BBC5500D7A1F4 /* PhotoBorder.png */ = {isa = PBXFileReference; lastKnownFileType = image.png; path = PhotoBorder.png; sourceTree = "<group>"; };
		90B32B51174BBC5500D7A1F4 /* PhotoBorder@2x.png */ = {isa = PBXFileReference; lastKnownFileType = image.png; path = "PhotoBorder@2x.png"; sourceTree = "<group>"; };
		90B32B52174BBC5500D7A1F4 /* PhotoStackView.h */ = {isa = PBXFileReference; fileEncoding = 4; lastKnownFileType = sourcecode.c.h; path = PhotoStackView.h; sourceTree = "<group>"; };
		90B32B53174BBC5500D7A1F4 /* PhotoStackView.m */ = {isa = PBXFileReference; fileEncoding = 4; lastKnownFileType = sourcecode.c.objc; path = PhotoStackView.m; sourceTree = "<group>"; };
		90B32B54174BBC5500D7A1F4 /* pinyin.c */ = {isa = PBXFileReference; fileEncoding = 4; lastKnownFileType = sourcecode.c.c; path = pinyin.c; sourceTree = "<group>"; };
		90B32B55174BBC5500D7A1F4 /* pinyin.h */ = {isa = PBXFileReference; fileEncoding = 4; lastKnownFileType = sourcecode.c.h; path = pinyin.h; sourceTree = "<group>"; };
		90B32B56174BBC5500D7A1F4 /* RHPerson+RHPersonCategory.h */ = {isa = PBXFileReference; fileEncoding = 4; lastKnownFileType = sourcecode.c.h; path = "RHPerson+RHPersonCategory.h"; sourceTree = "<group>"; };
		90B32B57174BBC5500D7A1F4 /* RHPerson+RHPersonCategory.m */ = {isa = PBXFileReference; fileEncoding = 4; lastKnownFileType = sourcecode.c.objc; path = "RHPerson+RHPersonCategory.m"; sourceTree = "<group>"; };
		90B32B58174BBC5500D7A1F4 /* UIView+Animation.h */ = {isa = PBXFileReference; fileEncoding = 4; lastKnownFileType = sourcecode.c.h; path = "UIView+Animation.h"; sourceTree = "<group>"; };
		90B32B59174BBC5500D7A1F4 /* UIView+Animation.m */ = {isa = PBXFileReference; fileEncoding = 4; lastKnownFileType = sourcecode.c.objc; path = "UIView+Animation.m"; sourceTree = "<group>"; };
		90B32B65174BBC8400D7A1F4 /* YContactTableViewController.h */ = {isa = PBXFileReference; fileEncoding = 4; lastKnownFileType = sourcecode.c.h; path = YContactTableViewController.h; sourceTree = "<group>"; };
		90B32B66174BBC8400D7A1F4 /* YContactTableViewController.m */ = {isa = PBXFileReference; fileEncoding = 4; lastKnownFileType = sourcecode.c.objc; path = YContactTableViewController.m; sourceTree = "<group>"; };
		90B32B67174BBC8400D7A1F4 /* YMessage.h */ = {isa = PBXFileReference; fileEncoding = 4; lastKnownFileType = sourcecode.c.h; path = YMessage.h; sourceTree = "<group>"; };
		90B32B68174BBC8400D7A1F4 /* YMessage.m */ = {isa = PBXFileReference; fileEncoding = 4; lastKnownFileType = sourcecode.c.objc; path = YMessage.m; sourceTree = "<group>"; };
		90B32B69174BBC8400D7A1F4 /* YMessageContactViewController.h */ = {isa = PBXFileReference; fileEncoding = 4; lastKnownFileType = sourcecode.c.h; path = YMessageContactViewController.h; sourceTree = "<group>"; };
		90B32B6A174BBC8400D7A1F4 /* YMessageContactViewController.m */ = {isa = PBXFileReference; fileEncoding = 4; lastKnownFileType = sourcecode.c.objc; path = YMessageContactViewController.m; sourceTree = "<group>"; };
		90B32B6B174BBC8400D7A1F4 /* YMessageViewController.h */ = {isa = PBXFileReference; fileEncoding = 4; lastKnownFileType = sourcecode.c.h; path = YMessageViewController.h; sourceTree = "<group>"; };
		90B32B6C174BBC8400D7A1F4 /* YMessageViewController.m */ = {isa = PBXFileReference; fileEncoding = 4; lastKnownFileType = sourcecode.c.objc; path = YMessageViewController.m; sourceTree = "<group>"; };
		90B32B6D174BBC8400D7A1F4 /* YPlainContact.h */ = {isa = PBXFileReference; fileEncoding = 4; lastKnownFileType = sourcecode.c.h; path = YPlainContact.h; sourceTree = "<group>"; };
		90B32B6E174BBC8400D7A1F4 /* YPlainContact.m */ = {isa = PBXFileReference; fileEncoding = 4; lastKnownFileType = sourcecode.c.objc; path = YPlainContact.m; sourceTree = "<group>"; };
		90B32B75174BBDDF00D7A1F4 /* MDActivityMessageView.h */ = {isa = PBXFileReference; fileEncoding = 4; lastKnownFileType = sourcecode.c.h; path = MDActivityMessageView.h; sourceTree = "<group>"; };
		90B32B76174BBDDF00D7A1F4 /* MDActivityMessageView.m */ = {isa = PBXFileReference; fileEncoding = 4; lastKnownFileType = sourcecode.c.objc; path = MDActivityMessageView.m; sourceTree = "<group>"; };
		90B32B77174BBDDF00D7A1F4 /* MDActivityContactView.h */ = {isa = PBXFileReference; fileEncoding = 4; lastKnownFileType = sourcecode.c.h; path = MDActivityContactView.h; sourceTree = "<group>"; };
		90B32B78174BBDDF00D7A1F4 /* MDActivityContactView.m */ = {isa = PBXFileReference; fileEncoding = 4; lastKnownFileType = sourcecode.c.objc; path = MDActivityContactView.m; sourceTree = "<group>"; };
		90B32B7D174BBDDF00D7A1F4 /* MDCreateActivityView.h */ = {isa = PBXFileReference; fileEncoding = 4; lastKnownFileType = sourcecode.c.h; path = MDCreateActivityView.h; sourceTree = "<group>"; };
		90B32B7E174BBDDF00D7A1F4 /* MDCreateActivityView.m */ = {isa = PBXFileReference; fileEncoding = 4; lastKnownFileType = sourcecode.c.objc; path = MDCreateActivityView.m; sourceTree = "<group>"; };
		90E1F4E117242FF1009A578C /* AddressBook.framework */ = {isa = PBXFileReference; lastKnownFileType = wrapper.framework; name = AddressBook.framework; path = System/Library/Frameworks/AddressBook.framework; sourceTree = SDKROOT; };
		90F342B717217C8E005BC944 /* MaiDuo.app */ = {isa = PBXFileReference; explicitFileType = wrapper.application; includeInIndex = 0; path = MaiDuo.app; sourceTree = BUILT_PRODUCTS_DIR; };
		90F342BA17217C8E005BC944 /* UIKit.framework */ = {isa = PBXFileReference; lastKnownFileType = wrapper.framework; name = UIKit.framework; path = System/Library/Frameworks/UIKit.framework; sourceTree = SDKROOT; };
		90F342BC17217C8E005BC944 /* Foundation.framework */ = {isa = PBXFileReference; lastKnownFileType = wrapper.framework; name = Foundation.framework; path = System/Library/Frameworks/Foundation.framework; sourceTree = SDKROOT; };
		90F342BE17217C8E005BC944 /* CoreGraphics.framework */ = {isa = PBXFileReference; lastKnownFileType = wrapper.framework; name = CoreGraphics.framework; path = System/Library/Frameworks/CoreGraphics.framework; sourceTree = SDKROOT; };
		90F342C217217C8E005BC944 /* MaiDuo-Info.plist */ = {isa = PBXFileReference; lastKnownFileType = text.plist.xml; path = "MaiDuo-Info.plist"; sourceTree = "<group>"; };
		90F342C417217C8E005BC944 /* en */ = {isa = PBXFileReference; lastKnownFileType = text.plist.strings; name = en; path = en.lproj/InfoPlist.strings; sourceTree = "<group>"; };
		90F342C617217C8E005BC944 /* main.m */ = {isa = PBXFileReference; lastKnownFileType = sourcecode.c.objc; path = main.m; sourceTree = "<group>"; };
		90F342C817217C8E005BC944 /* MaiDuo-Prefix.pch */ = {isa = PBXFileReference; lastKnownFileType = sourcecode.c.h; path = "MaiDuo-Prefix.pch"; sourceTree = "<group>"; };
		90F342C917217C8E005BC944 /* MDAppDelegate.h */ = {isa = PBXFileReference; lastKnownFileType = sourcecode.c.h; name = MDAppDelegate.h; path = MaiDuo/MDAppDelegate.h; sourceTree = "<group>"; };
		90F342CA17217C8E005BC944 /* MDAppDelegate.m */ = {isa = PBXFileReference; lastKnownFileType = sourcecode.c.objc; name = MDAppDelegate.m; path = MaiDuo/MDAppDelegate.m; sourceTree = "<group>"; };
		90F342CC17217C8E005BC944 /* Default.png */ = {isa = PBXFileReference; lastKnownFileType = image.png; path = Default.png; sourceTree = "<group>"; };
		90F342CE17217C8E005BC944 /* Default@2x.png */ = {isa = PBXFileReference; lastKnownFileType = image.png; path = "Default@2x.png"; sourceTree = "<group>"; };
		90F342D017217C8E005BC944 /* Default-568h@2x.png */ = {isa = PBXFileReference; lastKnownFileType = image.png; path = "Default-568h@2x.png"; sourceTree = "<group>"; };
		90F342D817217C8E005BC944 /* SenTestingKit.framework */ = {isa = PBXFileReference; lastKnownFileType = wrapper.framework; name = SenTestingKit.framework; path = Library/Frameworks/SenTestingKit.framework; sourceTree = DEVELOPER_DIR; };
		90F342F61721A706005BC944 /* AsyncImageView.h */ = {isa = PBXFileReference; fileEncoding = 4; lastKnownFileType = sourcecode.c.h; path = AsyncImageView.h; sourceTree = "<group>"; };
		90F342F71721A706005BC944 /* AsyncImageView.m */ = {isa = PBXFileReference; fileEncoding = 4; lastKnownFileType = sourcecode.c.objc; path = AsyncImageView.m; sourceTree = "<group>"; };
		94844377963140799A16CD56 /* libPods-MaiDuoTests.a */ = {isa = PBXFileReference; explicitFileType = archive.ar; includeInIndex = 0; path = "libPods-MaiDuoTests.a"; sourceTree = BUILT_PRODUCTS_DIR; };
		96F6F32747884C9186FD3D23 /* libPods.a */ = {isa = PBXFileReference; explicitFileType = archive.ar; includeInIndex = 0; path = libPods.a; sourceTree = BUILT_PRODUCTS_DIR; };
		9DBBFC670F454C7BB499B0A2 /* libPods-MaiDuoTests.a */ = {isa = PBXFileReference; explicitFileType = archive.ar; includeInIndex = 0; path = "libPods-MaiDuoTests.a"; sourceTree = BUILT_PRODUCTS_DIR; };
		AA151D6817506E280098C64A /* UIViewFrameCategory.h */ = {isa = PBXFileReference; fileEncoding = 4; lastKnownFileType = sourcecode.c.h; path = UIViewFrameCategory.h; sourceTree = "<group>"; };
		AA151D6917506E290098C64A /* UIViewFrameCategory.m */ = {isa = PBXFileReference; fileEncoding = 4; lastKnownFileType = sourcecode.c.objc; path = UIViewFrameCategory.m; sourceTree = "<group>"; };
		AA9954F01740020600FF5BFF /* SystemConfiguration.framework */ = {isa = PBXFileReference; lastKnownFileType = wrapper.framework; name = SystemConfiguration.framework; path = System/Library/Frameworks/SystemConfiguration.framework; sourceTree = SDKROOT; };
		AA9954F21740020B00FF5BFF /* MobileCoreServices.framework */ = {isa = PBXFileReference; lastKnownFileType = wrapper.framework; name = MobileCoreServices.framework; path = System/Library/Frameworks/MobileCoreServices.framework; sourceTree = SDKROOT; };
		AC7E067CD2BF413FABCFBE54 /* Pods.xcconfig */ = {isa = PBXFileReference; includeInIndex = 1; lastKnownFileType = text.xcconfig; name = Pods.xcconfig; path = Pods/Pods.xcconfig; sourceTree = SOURCE_ROOT; };
		B226F2C0B9234D76A2D8AE9F /* libPods-test.a */ = {isa = PBXFileReference; explicitFileType = archive.ar; includeInIndex = 0; path = "libPods-test.a"; sourceTree = BUILT_PRODUCTS_DIR; };
		B653FAC110D24793B8E10EB8 /* libPods.a */ = {isa = PBXFileReference; explicitFileType = archive.ar; includeInIndex = 0; path = libPods.a; sourceTree = BUILT_PRODUCTS_DIR; };
		B75EEC2339FE4F518789FFDF /* libPods-MaiDuo.a */ = {isa = PBXFileReference; explicitFileType = archive.ar; includeInIndex = 0; path = "libPods-MaiDuo.a"; sourceTree = BUILT_PRODUCTS_DIR; };
		B78F4CAE91B54BC18739200C /* libPods-MaiDuoTests.a */ = {isa = PBXFileReference; explicitFileType = archive.ar; includeInIndex = 0; path = "libPods-MaiDuoTests.a"; sourceTree = BUILT_PRODUCTS_DIR; };
		C8B4613D1748AE7B00CF14AA /* default_avatar.jpg */ = {isa = PBXFileReference; lastKnownFileType = image.jpeg; path = default_avatar.jpg; sourceTree = "<group>"; };
		C8CEFB2F173A0DFD0021D371 /* garbage_s@2x.png */ = {isa = PBXFileReference; lastKnownFileType = image.png; path = "garbage_s@2x.png"; sourceTree = "<group>"; };
		C8CEFB30173A0DFD0021D371 /* garbage@2x.png */ = {isa = PBXFileReference; lastKnownFileType = image.png; path = "garbage@2x.png"; sourceTree = "<group>"; };
		C8D1A44117431C4200398568 /* photo0@2x.png */ = {isa = PBXFileReference; lastKnownFileType = image.png; path = "photo0@2x.png"; sourceTree = "<group>"; };
		C8D1A44217431C4200398568 /* photo1@2x.png */ = {isa = PBXFileReference; lastKnownFileType = image.png; path = "photo1@2x.png"; sourceTree = "<group>"; };
		F55CCA5C929C463FAC6C0F04 /* libPods-MaiDuoTests.a */ = {isa = PBXFileReference; explicitFileType = archive.ar; includeInIndex = 0; path = "libPods-MaiDuoTests.a"; sourceTree = BUILT_PRODUCTS_DIR; };
/* End PBXFileReference section */

/* Begin PBXFrameworksBuildPhase section */
		902C91C71742322800073241 /* Frameworks */ = {
			isa = PBXFrameworksBuildPhase;
			buildActionMask = 2147483647;
			files = (
				904726F317426CBC000B0398 /* SenTestingKit.framework in Frameworks */,
				902C91CB1742322800073241 /* UIKit.framework in Frameworks */,
				902C91CC1742322800073241 /* Foundation.framework in Frameworks */,
				902C91CD1742322800073241 /* CoreGraphics.framework in Frameworks */,
				917A66597970441388A256A2 /* libPods-MaiDuoTests.a in Frameworks */,
			);
			runOnlyForDeploymentPostprocessing = 0;
		};
		90F342B417217C8E005BC944 /* Frameworks */ = {
			isa = PBXFrameworksBuildPhase;
			buildActionMask = 2147483647;
			files = (
				AA9954F31740020B00FF5BFF /* MobileCoreServices.framework in Frameworks */,
				AA9954F11740020600FF5BFF /* SystemConfiguration.framework in Frameworks */,
				9083C48C1736897100E87B4A /* AddressBookUI.framework in Frameworks */,
				90E1F4E217242FF1009A578C /* AddressBook.framework in Frameworks */,
				90F342BB17217C8E005BC944 /* UIKit.framework in Frameworks */,
				90F342BD17217C8E005BC944 /* Foundation.framework in Frameworks */,
				90F342BF17217C8E005BC944 /* CoreGraphics.framework in Frameworks */,
				2D35337AA439410087000219 /* libPods.a in Frameworks */,
			);
			runOnlyForDeploymentPostprocessing = 0;
		};
/* End PBXFrameworksBuildPhase section */

/* Begin PBXGroup section */
		902C91CE1742322800073241 /* MaiDuoTests */ = {
			isa = PBXGroup;
			children = (
				902C91F1174235A500073241 /* Tests */,
				902C91CF1742322800073241 /* Supporting Files */,
				902C91EC174232E400073241 /* MDTestAppDelegate.h */,
				902C91ED174232E400073241 /* MDTestAppDelegate.m */,
			);
			path = MaiDuoTests;
			sourceTree = "<group>";
		};
		902C91CF1742322800073241 /* Supporting Files */ = {
			isa = PBXGroup;
			children = (
				902C91D01742322800073241 /* MaiDuoTests-Info.plist */,
				902C91D11742322800073241 /* InfoPlist.strings */,
				902C91D41742322800073241 /* main.m */,
				902C91D61742322800073241 /* MaiDuoTests-Prefix.pch */,
				902C91DA1742322800073241 /* Default.png */,
				902C91DC1742322800073241 /* Default@2x.png */,
				902C91DE1742322800073241 /* Default-568h@2x.png */,
			);
			name = "Supporting Files";
			sourceTree = "<group>";
		};
		902C91F1174235A500073241 /* Tests */ = {
			isa = PBXGroup;
			children = (
				902C91F2174235A500073241 /* MaiDuoTests.h */,
				902C91F4174235A500073241 /* MDHTTPAPITest.m */,
				3D034FF9174A1DE500F325E6 /* NSNotificationCenterTest.m */,
				3D034FF7174A18F100F325E6 /* MDNotificationCenterTest.m */,
			);
			path = Tests;
			sourceTree = "<group>";
		};
		90737B8417460BE8006A2903 /* push */ = {
			isa = PBXGroup;
			children = (
				90737B831744E287006A2903 /* MDNotificationCenterDelegate.h */,
				90737B8517460C23006A2903 /* MDNotificationCenter.h */,
				90737B8617460C23006A2903 /* MDNotificationCenter.m */,
			);
			name = push;
			sourceTree = "<group>";
		};
		90B32B0C174BBBC600D7A1F4 /* controllers */ = {
			isa = PBXGroup;
			children = (
				90B32B84174BC1D200D7A1F4 /* delegates */,
				90B32B0D174BBBD500D7A1F4 /* MDActivityChatViewController.h */,
				90B32B0E174BBBD500D7A1F4 /* MDActivityChatViewController.m */,
				90B32B0F174BBBD500D7A1F4 /* MDActivityTableViewController.h */,
				90B32B10174BBBD500D7A1F4 /* MDActivityTableViewController.m */,
				90B32B12174BBBD500D7A1F4 /* MDCreateActivityViewController.h */,
				90B32B13174BBBD500D7A1F4 /* MDCreateActivityViewController.m */,
				90B32B14174BBBD500D7A1F4 /* MDLatestViewController.h */,
				90B32B15174BBBD500D7A1F4 /* MDLatestViewController.m */,
				90B32B16174BBBD500D7A1F4 /* MDLoginViewController.h */,
				90B32B17174BBBD500D7A1F4 /* MDLoginViewController.m */,
				90B32B18174BBBD500D7A1F4 /* MDPersonDetailViewController.h */,
				90B32B19174BBBD500D7A1F4 /* MDPersonDetailViewController.m */,
				90B32B1A174BBBD500D7A1F4 /* MDRegisterViewController.h */,
				90B32B1B174BBBD500D7A1F4 /* MDRegisterViewController.m */,
				90B32B1C174BBBD500D7A1F4 /* MDSendMessageViewController.h */,
				90B32B1D174BBBD500D7A1F4 /* MDSendMessageViewController.m */,
			);
			name = controllers;
			sourceTree = "<group>";
		};
		90B32B26174BBBEC00D7A1F4 /* models */ = {
			isa = PBXGroup;
			children = (
				90B32B27174BBBF600D7A1F4 /* MDActivity.h */,
				90B32B28174BBBF600D7A1F4 /* MDActivity.m */,
				90B32B29174BBBF600D7A1F4 /* MDCache.h */,
				90B32B2A174BBBF600D7A1F4 /* MDCache.m */,
				90B32B2B174BBBF600D7A1F4 /* MDChat.h */,
				90B32B2C174BBBF600D7A1F4 /* MDChat.m */,
				90B32B2D174BBBF600D7A1F4 /* MDContact.h */,
				90B32B2E174BBBF600D7A1F4 /* MDContact.m */,
				90B32B2F174BBBF600D7A1F4 /* MDHTTPAPI.h */,
				90B32B30174BBBF600D7A1F4 /* MDHTTPAPI.m */,
				90B32B31174BBBF600D7A1F4 /* MDHTTPAPIFactory.h */,
				90B32B32174BBBF600D7A1F4 /* MDHTTPAPIFactory.m */,
				90B32B35174BBBF600D7A1F4 /* MDMessage.h */,
				90B32B36174BBBF600D7A1F4 /* MDMessage.m */,
				90B32B37174BBBF600D7A1F4 /* MDUser.h */,
				90B32B38174BBBF600D7A1F4 /* MDUser.m */,
				90B32B39174BBBF600D7A1F4 /* MDUserManager.h */,
				90B32B3A174BBBF600D7A1F4 /* MDUserManager.m */,
			);
			name = models;
			sourceTree = "<group>";
		};
		90B32B45174BBC5500D7A1F4 /* extensions */ = {
			isa = PBXGroup;
			children = (
				90B32B46174BBC5500D7A1F4 /* AFMDClient.h */,
				90B32B47174BBC5500D7A1F4 /* AFMDClient.m */,
				90B32B48174BBC5500D7A1F4 /* AsyncImageView */,
				90B32B4B174BBC5500D7A1F4 /* EGOTableView.h */,
				90B32B4C174BBC5500D7A1F4 /* EGOTableView.m */,
				90B32B4D174BBC5500D7A1F4 /* iToast.h */,
				90B32B4E174BBC5500D7A1F4 /* iToast.m */,
				90B32B4F174BBC5500D7A1F4 /* PhotoStack */,
				90B32B54174BBC5500D7A1F4 /* pinyin.c */,
				90B32B55174BBC5500D7A1F4 /* pinyin.h */,
				90B32B56174BBC5500D7A1F4 /* RHPerson+RHPersonCategory.h */,
				90B32B57174BBC5500D7A1F4 /* RHPerson+RHPersonCategory.m */,
				90B32B58174BBC5500D7A1F4 /* UIView+Animation.h */,
				90B32B59174BBC5500D7A1F4 /* UIView+Animation.m */,
			);
			path = extensions;
			sourceTree = "<group>";
		};
		90B32B48174BBC5500D7A1F4 /* AsyncImageView */ = {
			isa = PBXGroup;
			children = (
				90B32B49174BBC5500D7A1F4 /* AsyncImageView.h */,
				90B32B4A174BBC5500D7A1F4 /* AsyncImageView.m */,
			);
			path = AsyncImageView;
			sourceTree = "<group>";
		};
		90B32B4F174BBC5500D7A1F4 /* PhotoStack */ = {
			isa = PBXGroup;
			children = (
				90B32B50174BBC5500D7A1F4 /* PhotoBorder.png */,
				90B32B51174BBC5500D7A1F4 /* PhotoBorder@2x.png */,
				90B32B52174BBC5500D7A1F4 /* PhotoStackView.h */,
				90B32B53174BBC5500D7A1F4 /* PhotoStackView.m */,
			);
			path = PhotoStack;
			sourceTree = "<group>";
		};
		90B32B64174BBC8400D7A1F4 /* yaab */ = {
			isa = PBXGroup;
			children = (
				90B32B65174BBC8400D7A1F4 /* YContactTableViewController.h */,
				90B32B66174BBC8400D7A1F4 /* YContactTableViewController.m */,
				90B32B67174BBC8400D7A1F4 /* YMessage.h */,
				90B32B68174BBC8400D7A1F4 /* YMessage.m */,
				90B32B69174BBC8400D7A1F4 /* YMessageContactViewController.h */,
				90B32B6A174BBC8400D7A1F4 /* YMessageContactViewController.m */,
				90B32B6B174BBC8400D7A1F4 /* YMessageViewController.h */,
				90B32B6C174BBC8400D7A1F4 /* YMessageViewController.m */,
				90B32B6D174BBC8400D7A1F4 /* YPlainContact.h */,
				90B32B6E174BBC8400D7A1F4 /* YPlainContact.m */,
			);
			path = yaab;
			sourceTree = "<group>";
		};
		90B32B74174BBDDF00D7A1F4 /* views */ = {
			isa = PBXGroup;
			children = (
				90B32B75174BBDDF00D7A1F4 /* MDActivityMessageView.h */,
				90B32B76174BBDDF00D7A1F4 /* MDActivityMessageView.m */,
				90B32B77174BBDDF00D7A1F4 /* MDActivityContactView.h */,
				90B32B78174BBDDF00D7A1F4 /* MDActivityContactView.m */,
				90B32B7D174BBDDF00D7A1F4 /* MDCreateActivityView.h */,
				90B32B7E174BBDDF00D7A1F4 /* MDCreateActivityView.m */,
				3D064723174C5F2C0092BBAC /* MDActivityContentView.h */,
				3D064724174C5F2C0092BBAC /* MDActivityContentView.m */,
			);
			path = views;
			sourceTree = "<group>";
		};
		90B32B84174BC1D200D7A1F4 /* delegates */ = {
			isa = PBXGroup;
			children = (
				90B32B11174BBBD500D7A1F4 /* MDCreateActivityDelegate.h */,
			);
			name = delegates;
			sourceTree = "<group>";
		};
		90F342AE17217C8E005BC944 = {
			isa = PBXGroup;
			children = (
				90F342F51721A706005BC944 /* AsyncImageView */,
				90F342C017217C8E005BC944 /* MaiDuo */,
				90F342C917217C8E005BC944 /* MDAppDelegate.h */,
				90F342CA17217C8E005BC944 /* MDAppDelegate.m */,
				90153972172BDC2300DBB64B /* YaabUser.h */,
				90153973172BDC2300DBB64B /* YaabUser.m */,
				902C91CE1742322800073241 /* MaiDuoTests */,
				90F342B917217C8E005BC944 /* Frameworks */,
				90F342B817217C8E005BC944 /* Products */,
				AC7E067CD2BF413FABCFBE54 /* Pods.xcconfig */,
				2018E73633D84F1A834FE42F /* Pods-MaiDuoTests.xcconfig */,
			);
			sourceTree = "<group>";
		};
		90F342B817217C8E005BC944 /* Products */ = {
			isa = PBXGroup;
			children = (
				90F342B717217C8E005BC944 /* MaiDuo.app */,
				902C91CA1742322800073241 /* MaiDuoTests.app */,
			);
			name = Products;
			sourceTree = "<group>";
		};
		90F342B917217C8E005BC944 /* Frameworks */ = {
			isa = PBXGroup;
			children = (
				AA9954F21740020B00FF5BFF /* MobileCoreServices.framework */,
				AA9954F01740020600FF5BFF /* SystemConfiguration.framework */,
				9083C48B1736897100E87B4A /* AddressBookUI.framework */,
				90E1F4E117242FF1009A578C /* AddressBook.framework */,
				90F342BA17217C8E005BC944 /* UIKit.framework */,
				90F342BC17217C8E005BC944 /* Foundation.framework */,
				90F342BE17217C8E005BC944 /* CoreGraphics.framework */,
				90F342D817217C8E005BC944 /* SenTestingKit.framework */,
				8189D765038C4B9FB2F1D493 /* libPods.a */,
				F55CCA5C929C463FAC6C0F04 /* libPods-MaiDuoTests.a */,
				9DBBFC670F454C7BB499B0A2 /* libPods-MaiDuoTests.a */,
				B78F4CAE91B54BC18739200C /* libPods-MaiDuoTests.a */,
				B75EEC2339FE4F518789FFDF /* libPods-MaiDuo.a */,
				432379D17D2049AF901101B9 /* libPods.a */,
				213944C578514190A2BAC4A1 /* libPods-MaiDuo.a */,
				B226F2C0B9234D76A2D8AE9F /* libPods-test.a */,
				96F6F32747884C9186FD3D23 /* libPods.a */,
				94844377963140799A16CD56 /* libPods-MaiDuoTests.a */,
				B653FAC110D24793B8E10EB8 /* libPods.a */,
				024D33E43FE24742A8D24C76 /* libPods-MaiDuoTests.a */,
			);
			name = Frameworks;
			sourceTree = "<group>";
		};
		90F342C017217C8E005BC944 /* MaiDuo */ = {
			isa = PBXGroup;
			children = (
				90B32B45174BBC5500D7A1F4 /* extensions */,
				90B32B26174BBBEC00D7A1F4 /* models */,
				90B32B74174BBDDF00D7A1F4 /* views */,
				90B32B0C174BBBC600D7A1F4 /* controllers */,
				90737B8417460BE8006A2903 /* push */,
				90B32B64174BBC8400D7A1F4 /* yaab */,
				C8CEFB2E173A0DE90021D371 /* Resource */,
				90F342C117217C8E005BC944 /* Supporting Files */,
				AA151D6817506E280098C64A /* UIViewFrameCategory.h */,
				AA151D6917506E290098C64A /* UIViewFrameCategory.m */,
			);
			path = MaiDuo;
			sourceTree = "<group>";
		};
		90F342C117217C8E005BC944 /* Supporting Files */ = {
			isa = PBXGroup;
			children = (
				90F342C217217C8E005BC944 /* MaiDuo-Info.plist */,
				90F342C317217C8E005BC944 /* InfoPlist.strings */,
				90F342C617217C8E005BC944 /* main.m */,
				90F342C817217C8E005BC944 /* MaiDuo-Prefix.pch */,
				90F342CC17217C8E005BC944 /* Default.png */,
				90F342CE17217C8E005BC944 /* Default@2x.png */,
				90F342D017217C8E005BC944 /* Default-568h@2x.png */,
			);
			name = "Supporting Files";
			sourceTree = "<group>";
		};
		90F342F51721A706005BC944 /* AsyncImageView */ = {
			isa = PBXGroup;
			children = (
				90F342F61721A706005BC944 /* AsyncImageView.h */,
				90F342F71721A706005BC944 /* AsyncImageView.m */,
			);
			name = AsyncImageView;
			path = MaiDuo/AsyncImageView;
			sourceTree = "<group>";
		};
		C8CEFB2E173A0DE90021D371 /* Resource */ = {
			isa = PBXGroup;
			children = (
				C8B4613D1748AE7B00CF14AA /* default_avatar.jpg */,
				C8D1A44117431C4200398568 /* photo0@2x.png */,
				C8D1A44217431C4200398568 /* photo1@2x.png */,
				C8CEFB2F173A0DFD0021D371 /* garbage_s@2x.png */,
				C8CEFB30173A0DFD0021D371 /* garbage@2x.png */,
			);
			path = Resource;
			sourceTree = "<group>";
		};
/* End PBXGroup section */

/* Begin PBXNativeTarget section */
		902C91C91742322800073241 /* MaiDuoTests */ = {
			isa = PBXNativeTarget;
			buildConfigurationList = 902C91E91742322800073241 /* Build configuration list for PBXNativeTarget "MaiDuoTests" */;
			buildPhases = (
				19247C72FD4E4F76A1C477C7 /* Check Pods Manifest.lock */,
				902C91C61742322800073241 /* Sources */,
				902C91C71742322800073241 /* Frameworks */,
				902C91C81742322800073241 /* Resources */,
				CDA8D51637FB4D3B9F50E02D /* Copy Pods Resources */,
			);
			buildRules = (
			);
			dependencies = (
				902C91FE1742418A00073241 /* PBXTargetDependency */,
			);
			name = MaiDuoTests;
			productName = MaiDuoTests;
			productReference = 902C91CA1742322800073241 /* MaiDuoTests.app */;
			productType = "com.apple.product-type.application";
		};
		90F342B617217C8E005BC944 /* MaiDuo */ = {
			isa = PBXNativeTarget;
			buildConfigurationList = 90F342E917217C8E005BC944 /* Build configuration list for PBXNativeTarget "MaiDuo" */;
			buildPhases = (
				AA0E110F6E044AF68EE38797 /* Check Pods Manifest.lock */,
				90F342B317217C8E005BC944 /* Sources */,
				90F342B417217C8E005BC944 /* Frameworks */,
				90F342B517217C8E005BC944 /* Resources */,
				DD0180B152624E5CBC74A9AC /* Copy Pods Resources */,
			);
			buildRules = (
			);
			dependencies = (
			);
			name = MaiDuo;
			productName = MaiDuo;
			productReference = 90F342B717217C8E005BC944 /* MaiDuo.app */;
			productType = "com.apple.product-type.application";
		};
/* End PBXNativeTarget section */

/* Begin PBXProject section */
		90F342AF17217C8E005BC944 /* Project object */ = {
			isa = PBXProject;
			attributes = {
				LastUpgradeCheck = 0460;
				ORGANIZATIONNAME = "魏琮举";
			};
			buildConfigurationList = 90F342B217217C8E005BC944 /* Build configuration list for PBXProject "MaiDuo" */;
			compatibilityVersion = "Xcode 3.2";
			developmentRegion = English;
			hasScannedForEncodings = 0;
			knownRegions = (
				en,
			);
			mainGroup = 90F342AE17217C8E005BC944;
			productRefGroup = 90F342B817217C8E005BC944 /* Products */;
			projectDirPath = "";
			projectRoot = "";
			targets = (
				90F342B617217C8E005BC944 /* MaiDuo */,
				902C91C91742322800073241 /* MaiDuoTests */,
			);
		};
/* End PBXProject section */

/* Begin PBXResourcesBuildPhase section */
		902C91C81742322800073241 /* Resources */ = {
			isa = PBXResourcesBuildPhase;
			buildActionMask = 2147483647;
			files = (
				902C91D31742322800073241 /* InfoPlist.strings in Resources */,
				902C91DB1742322800073241 /* Default.png in Resources */,
				902C91DD1742322800073241 /* Default@2x.png in Resources */,
				902C91DF1742322800073241 /* Default-568h@2x.png in Resources */,
			);
			runOnlyForDeploymentPostprocessing = 0;
		};
		90F342B517217C8E005BC944 /* Resources */ = {
			isa = PBXResourcesBuildPhase;
			buildActionMask = 2147483647;
			files = (
				90F342C517217C8E005BC944 /* InfoPlist.strings in Resources */,
				90F342CD17217C8E005BC944 /* Default.png in Resources */,
				90F342CF17217C8E005BC944 /* Default@2x.png in Resources */,
				90F342D117217C8E005BC944 /* Default-568h@2x.png in Resources */,
				C8CEFB31173A0DFD0021D371 /* garbage_s@2x.png in Resources */,
				C8CEFB32173A0DFD0021D371 /* garbage@2x.png in Resources */,
				C8D1A44317431C4200398568 /* photo0@2x.png in Resources */,
				C8D1A44417431C4200398568 /* photo1@2x.png in Resources */,
				C8B4613E1748AE7B00CF14AA /* default_avatar.jpg in Resources */,
				90B32B5E174BBC5500D7A1F4 /* PhotoBorder.png in Resources */,
				90B32B5F174BBC5500D7A1F4 /* PhotoBorder@2x.png in Resources */,
			);
			runOnlyForDeploymentPostprocessing = 0;
		};
/* End PBXResourcesBuildPhase section */

/* Begin PBXShellScriptBuildPhase section */
		19247C72FD4E4F76A1C477C7 /* Check Pods Manifest.lock */ = {
			isa = PBXShellScriptBuildPhase;
			buildActionMask = 2147483647;
			files = (
			);
			inputPaths = (
			);
			name = "Check Pods Manifest.lock";
			outputPaths = (
			);
			runOnlyForDeploymentPostprocessing = 0;
			shellPath = /bin/sh;
			shellScript = "diff \"${PODS_ROOT}/../Podfile.lock\" \"${PODS_ROOT}/Manifest.lock\" > /dev/null\nif [[ $? != 0 ]] ; then\n    cat << EOM\nerror: The sandbox is not in sync with the Podfile.lock. Run 'pod install' or update your CocoaPods installation.\nEOM\n    exit 1\nfi\n";
		};
		AA0E110F6E044AF68EE38797 /* Check Pods Manifest.lock */ = {
			isa = PBXShellScriptBuildPhase;
			buildActionMask = 2147483647;
			files = (
			);
			inputPaths = (
			);
			name = "Check Pods Manifest.lock";
			outputPaths = (
			);
			runOnlyForDeploymentPostprocessing = 0;
			shellPath = /bin/sh;
			shellScript = "diff \"${PODS_ROOT}/../Podfile.lock\" \"${PODS_ROOT}/Manifest.lock\" > /dev/null\nif [[ $? != 0 ]] ; then\n    cat << EOM\nerror: The sandbox is not in sync with the Podfile.lock. Run 'pod install' or update your CocoaPods installation.\nEOM\n    exit 1\nfi\n";
		};
		CDA8D51637FB4D3B9F50E02D /* Copy Pods Resources */ = {
			isa = PBXShellScriptBuildPhase;
			buildActionMask = 2147483647;
			files = (
			);
			inputPaths = (
			);
			name = "Copy Pods Resources";
			outputPaths = (
			);
			runOnlyForDeploymentPostprocessing = 0;
			shellPath = /bin/sh;
			shellScript = "\"${SRCROOT}/Pods/Pods-MaiDuoTests-resources.sh\"\n";
		};
		DD0180B152624E5CBC74A9AC /* Copy Pods Resources */ = {
			isa = PBXShellScriptBuildPhase;
			buildActionMask = 2147483647;
			files = (
			);
			inputPaths = (
			);
			name = "Copy Pods Resources";
			outputPaths = (
			);
			runOnlyForDeploymentPostprocessing = 0;
			shellPath = /bin/sh;
			shellScript = "\"${SRCROOT}/Pods/Pods-resources.sh\"\n";
		};
/* End PBXShellScriptBuildPhase section */

/* Begin PBXSourcesBuildPhase section */
		902C91C61742322800073241 /* Sources */ = {
			isa = PBXSourcesBuildPhase;
			buildActionMask = 2147483647;
			files = (
				902C91D51742322800073241 /* main.m in Sources */,
				902C91EE174232E400073241 /* MDTestAppDelegate.m in Sources */,
				902C91F6174235A500073241 /* MDHTTPAPITest.m in Sources */,
				3D034FF1174A0B9A00F325E6 /* MDCache.h in Sources */,
				3D034FF2174A0B9D00F325E6 /* MDCache.m in Sources */,
				3D034FFA174A1DE500F325E6 /* NSNotificationCenterTest.m in Sources */,
				3D034FF8174A18F100F325E6 /* MDNotificationCenterTest.m in Sources */,
				3D034FFB174A1E0F00F325E6 /* MDNotificationCenter.h in Sources */,
				3D034FFC174A1E1500F325E6 /* MDNotificationCenter.m in Sources */,
			);
			runOnlyForDeploymentPostprocessing = 0;
		};
		90F342B317217C8E005BC944 /* Sources */ = {
			isa = PBXSourcesBuildPhase;
			buildActionMask = 2147483647;
			files = (
				90F342C717217C8E005BC944 /* main.m in Sources */,
				90F342CB17217C8E005BC944 /* MDAppDelegate.m in Sources */,
				90153978172BDC2300DBB64B /* YaabUser.m in Sources */,
				90737B8717460C23006A2903 /* MDNotificationCenter.m in Sources */,
				90B32B1E174BBBD500D7A1F4 /* MDActivityChatViewController.m in Sources */,
				90B32B1F174BBBD500D7A1F4 /* MDActivityTableViewController.m in Sources */,
				90B32B20174BBBD500D7A1F4 /* MDCreateActivityViewController.m in Sources */,
				90B32B21174BBBD500D7A1F4 /* MDLatestViewController.m in Sources */,
				90B32B22174BBBD500D7A1F4 /* MDLoginViewController.m in Sources */,
				90B32B23174BBBD500D7A1F4 /* MDPersonDetailViewController.m in Sources */,
				90B32B24174BBBD500D7A1F4 /* MDRegisterViewController.m in Sources */,
				90B32B25174BBBD500D7A1F4 /* MDSendMessageViewController.m in Sources */,
				90B32B3B174BBBF600D7A1F4 /* MDActivity.m in Sources */,
				90B32B3C174BBBF600D7A1F4 /* MDCache.m in Sources */,
				90B32B3D174BBBF600D7A1F4 /* MDChat.m in Sources */,
				90B32B3E174BBBF600D7A1F4 /* MDContact.m in Sources */,
				90B32B3F174BBBF600D7A1F4 /* MDHTTPAPI.m in Sources */,
				90B32B40174BBBF600D7A1F4 /* MDHTTPAPIFactory.m in Sources */,
				90B32B42174BBBF600D7A1F4 /* MDMessage.m in Sources */,
				90B32B43174BBBF600D7A1F4 /* MDUser.m in Sources */,
				90B32B44174BBBF600D7A1F4 /* MDUserManager.m in Sources */,
				90B32B5A174BBC5500D7A1F4 /* AFMDClient.m in Sources */,
				90B32B5B174BBC5500D7A1F4 /* AsyncImageView.m in Sources */,
				90B32B5C174BBC5500D7A1F4 /* EGOTableView.m in Sources */,
				90B32B5D174BBC5500D7A1F4 /* iToast.m in Sources */,
				90B32B60174BBC5500D7A1F4 /* PhotoStackView.m in Sources */,
				90B32B61174BBC5500D7A1F4 /* pinyin.c in Sources */,
				90B32B62174BBC5500D7A1F4 /* RHPerson+RHPersonCategory.m in Sources */,
				90B32B63174BBC5500D7A1F4 /* UIView+Animation.m in Sources */,
				90B32B6F174BBC8400D7A1F4 /* YContactTableViewController.m in Sources */,
				90B32B70174BBC8400D7A1F4 /* YMessage.m in Sources */,
				90B32B71174BBC8400D7A1F4 /* YMessageContactViewController.m in Sources */,
				90B32B72174BBC8400D7A1F4 /* YMessageViewController.m in Sources */,
				90B32B73174BBC8400D7A1F4 /* YPlainContact.m in Sources */,
				90B32B7F174BBDDF00D7A1F4 /* MDActivityMessageView.m in Sources */,
				90B32B80174BBDDF00D7A1F4 /* MDActivityContactView.m in Sources */,
				90B32B83174BBDDF00D7A1F4 /* MDCreateActivityView.m in Sources */,
				3D064725174C5F2C0092BBAC /* MDActivityContentView.m in Sources */,
				AA151D6A17506E290098C64A /* UIViewFrameCategory.m in Sources */,
			);
			runOnlyForDeploymentPostprocessing = 0;
		};
/* End PBXSourcesBuildPhase section */

/* Begin PBXTargetDependency section */
		902C91FE1742418A00073241 /* PBXTargetDependency */ = {
			isa = PBXTargetDependency;
			target = 90F342B617217C8E005BC944 /* MaiDuo */;
			targetProxy = 902C91FD1742418A00073241 /* PBXContainerItemProxy */;
		};
/* End PBXTargetDependency section */

/* Begin PBXVariantGroup section */
		902C91D11742322800073241 /* InfoPlist.strings */ = {
			isa = PBXVariantGroup;
			children = (
				902C91D21742322800073241 /* en */,
			);
			name = InfoPlist.strings;
			sourceTree = "<group>";
		};
		90F342C317217C8E005BC944 /* InfoPlist.strings */ = {
			isa = PBXVariantGroup;
			children = (
				90F342C417217C8E005BC944 /* en */,
			);
			name = InfoPlist.strings;
			sourceTree = "<group>";
		};
/* End PBXVariantGroup section */

/* Begin XCBuildConfiguration section */
		902C91EA1742322800073241 /* Debug */ = {
			isa = XCBuildConfiguration;
			baseConfigurationReference = 2018E73633D84F1A834FE42F /* Pods-MaiDuoTests.xcconfig */;
			buildSettings = {
				"CODE_SIGN_IDENTITY[sdk=iphoneos*]" = "iPhone Developer";
				FRAMEWORK_SEARCH_PATHS = (
					"$(inherited)",
					"\"$(DEVELOPER_FRAMEWORKS_DIR)\"",
				);
				GCC_PRECOMPILE_PREFIX_HEADER = YES;
				GCC_PREFIX_HEADER = "MaiDuoTests/MaiDuoTests-Prefix.pch";
				INFOPLIST_FILE = "MaiDuoTests/MaiDuoTests-Info.plist";
				IPHONEOS_DEPLOYMENT_TARGET = 6.1;
				PRODUCT_NAME = "$(TARGET_NAME)";
				WRAPPER_EXTENSION = app;
			};
			name = Debug;
		};
		902C91EB1742322800073241 /* Release */ = {
			isa = XCBuildConfiguration;
			baseConfigurationReference = 2018E73633D84F1A834FE42F /* Pods-MaiDuoTests.xcconfig */;
			buildSettings = {
				"CODE_SIGN_IDENTITY[sdk=iphoneos*]" = "iPhone Developer";
				FRAMEWORK_SEARCH_PATHS = (
					"$(inherited)",
					"\"$(DEVELOPER_FRAMEWORKS_DIR)\"",
				);
				GCC_PRECOMPILE_PREFIX_HEADER = YES;
				GCC_PREFIX_HEADER = "MaiDuoTests/MaiDuoTests-Prefix.pch";
				INFOPLIST_FILE = "MaiDuoTests/MaiDuoTests-Info.plist";
				IPHONEOS_DEPLOYMENT_TARGET = 6.1;
				PRODUCT_NAME = "$(TARGET_NAME)";
				WRAPPER_EXTENSION = app;
			};
			name = Release;
		};
		90F342E717217C8E005BC944 /* Debug */ = {
			isa = XCBuildConfiguration;
			buildSettings = {
				ALWAYS_SEARCH_USER_PATHS = NO;
				CLANG_CXX_LANGUAGE_STANDARD = "gnu++0x";
				CLANG_CXX_LIBRARY = "libc++";
				CLANG_ENABLE_OBJC_ARC = YES;
				CLANG_WARN_CONSTANT_CONVERSION = YES;
				CLANG_WARN_EMPTY_BODY = YES;
				CLANG_WARN_ENUM_CONVERSION = YES;
				CLANG_WARN_INT_CONVERSION = YES;
				CLANG_WARN__DUPLICATE_METHOD_MATCH = YES;
				CODE_SIGN_IDENTITY = "iPhone Developer: Wenbiao Wong (ZZ9S4YMZNL)";
				"CODE_SIGN_IDENTITY[sdk=iphoneos*]" = "iPhone Developer";
				COPY_PHASE_STRIP = NO;
				GCC_C_LANGUAGE_STANDARD = gnu99;
				GCC_DYNAMIC_NO_PIC = NO;
				GCC_OPTIMIZATION_LEVEL = 0;
				GCC_PREPROCESSOR_DEFINITIONS = (
					"DEBUG=1",
					"$(inherited)",
				);
				GCC_SYMBOLS_PRIVATE_EXTERN = NO;
				GCC_WARN_ABOUT_RETURN_TYPE = YES;
				GCC_WARN_UNINITIALIZED_AUTOS = YES;
				GCC_WARN_UNUSED_VARIABLE = YES;
				IPHONEOS_DEPLOYMENT_TARGET = 5.0;
				ONLY_ACTIVE_ARCH = YES;
				PROVISIONING_PROFILE = "D3CFE8E7-8711-4CF1-B64D-9A50E3EA2A9A";
				"PROVISIONING_PROFILE[sdk=iphoneos*]" = "";
				SDKROOT = iphoneos;
				TARGETED_DEVICE_FAMILY = "1,2";
			};
			name = Debug;
		};
		90F342E817217C8E005BC944 /* Release */ = {
			isa = XCBuildConfiguration;
			buildSettings = {
				ALWAYS_SEARCH_USER_PATHS = NO;
				CLANG_CXX_LANGUAGE_STANDARD = "gnu++0x";
				CLANG_CXX_LIBRARY = "libc++";
				CLANG_ENABLE_OBJC_ARC = YES;
				CLANG_WARN_CONSTANT_CONVERSION = YES;
				CLANG_WARN_EMPTY_BODY = YES;
				CLANG_WARN_ENUM_CONVERSION = YES;
				CLANG_WARN_INT_CONVERSION = YES;
				CLANG_WARN__DUPLICATE_METHOD_MATCH = YES;
				CODE_SIGN_IDENTITY = "iPhone Developer: Wenbiao Wong (ZZ9S4YMZNL)";
				"CODE_SIGN_IDENTITY[sdk=iphoneos*]" = "iPhone Developer";
				COPY_PHASE_STRIP = YES;
				GCC_C_LANGUAGE_STANDARD = gnu99;
				GCC_WARN_ABOUT_RETURN_TYPE = YES;
				GCC_WARN_UNINITIALIZED_AUTOS = YES;
				GCC_WARN_UNUSED_VARIABLE = YES;
				IPHONEOS_DEPLOYMENT_TARGET = 5.0;
				OTHER_CFLAGS = "-DNS_BLOCK_ASSERTIONS=1";
				PROVISIONING_PROFILE = "";
				"PROVISIONING_PROFILE[sdk=iphoneos*]" = "";
				SDKROOT = iphoneos;
				TARGETED_DEVICE_FAMILY = "1,2";
				VALIDATE_PRODUCT = YES;
			};
			name = Release;
		};
		90F342EA17217C8E005BC944 /* Debug */ = {
			isa = XCBuildConfiguration;
			baseConfigurationReference = AC7E067CD2BF413FABCFBE54 /* Pods.xcconfig */;
			buildSettings = {
				CODE_SIGN_IDENTITY = "iPhone Developer: shenyang 22Miles (C34693JKW5)";
				"CODE_SIGN_IDENTITY[sdk=iphoneos*]" = "iPhone Developer: shenyang 22Miles (C34693JKW5)";
				GCC_PRECOMPILE_PREFIX_HEADER = YES;
				GCC_PREFIX_HEADER = "MaiDuo/MaiDuo-Prefix.pch";
				INFOPLIST_FILE = "MaiDuo/MaiDuo-Info.plist";
				IPHONEOS_DEPLOYMENT_TARGET = 5.0;
				PRODUCT_NAME = "$(TARGET_NAME)";
				PROVISIONING_PROFILE = "1C51BAF5-F000-4AC2-9320-8A523F7B9DF4";
				"PROVISIONING_PROFILE[sdk=iphoneos*]" = "1C51BAF5-F000-4AC2-9320-8A523F7B9DF4";
				WRAPPER_EXTENSION = app;
			};
			name = Debug;
		};
		90F342EB17217C8E005BC944 /* Release */ = {
			isa = XCBuildConfiguration;
			baseConfigurationReference = AC7E067CD2BF413FABCFBE54 /* Pods.xcconfig */;
			buildSettings = {
				CODE_SIGN_IDENTITY = "iPhone Developer: shenyang 22Miles (C34693JKW5)";
				"CODE_SIGN_IDENTITY[sdk=iphoneos*]" = "iPhone Developer: Wenbiao Wong (ZZ9S4YMZNL)";
				GCC_PRECOMPILE_PREFIX_HEADER = YES;
				GCC_PREFIX_HEADER = "MaiDuo/MaiDuo-Prefix.pch";
				INFOPLIST_FILE = "MaiDuo/MaiDuo-Info.plist";
				IPHONEOS_DEPLOYMENT_TARGET = 5.0;
				PRODUCT_NAME = "$(TARGET_NAME)";
				PROVISIONING_PROFILE = "1C51BAF5-F000-4AC2-9320-8A523F7B9DF4";
				"PROVISIONING_PROFILE[sdk=iphoneos*]" = "50BC4AF0-593A-4CE4-9888-E171C38CC002";
				WRAPPER_EXTENSION = app;
			};
			name = Release;
		};
/* End XCBuildConfiguration section */

/* Begin XCConfigurationList section */
		902C91E91742322800073241 /* Build configuration list for PBXNativeTarget "MaiDuoTests" */ = {
			isa = XCConfigurationList;
			buildConfigurations = (
				902C91EA1742322800073241 /* Debug */,
				902C91EB1742322800073241 /* Release */,
			);
			defaultConfigurationIsVisible = 0;
			defaultConfigurationName = Release;
		};
		90F342B217217C8E005BC944 /* Build configuration list for PBXProject "MaiDuo" */ = {
			isa = XCConfigurationList;
			buildConfigurations = (
				90F342E717217C8E005BC944 /* Debug */,
				90F342E817217C8E005BC944 /* Release */,
			);
			defaultConfigurationIsVisible = 0;
			defaultConfigurationName = Release;
		};
		90F342E917217C8E005BC944 /* Build configuration list for PBXNativeTarget "MaiDuo" */ = {
			isa = XCConfigurationList;
			buildConfigurations = (
				90F342EA17217C8E005BC944 /* Debug */,
				90F342EB17217C8E005BC944 /* Release */,
			);
			defaultConfigurationIsVisible = 0;
			defaultConfigurationName = Release;
		};
/* End XCConfigurationList section */
	};
	rootObject = 90F342AF17217C8E005BC944 /* Project object */;
}
